
Microsoft Visual Studio Solution File, Format Version 12.00
# Visual Studio Version 17
VisualStudioVersion = 17.4.33403.182
MinimumVisualStudioVersion = 10.0.40219.1
Project("{FAE04EC0-301F-11D3-BF4B-00C04F79EFBC}") = "Intex_II_Section4_Team12", "Intex_II_Section4_Team12\Intex_II_Section4_Team12.csproj", "{B29B2280-DED1-4DE5-B56E-F9B304946FAB}"
EndProject
Global
	GlobalSection(SolutionConfigurationPlatforms) = preSolution
		Debug|Any CPU = Debug|Any CPU
		Release|Any CPU = Release|Any CPU
	EndGlobalSection
	GlobalSection(ProjectConfigurationPlatforms) = postSolution
		{B29B2280-DED1-4DE5-B56E-F9B304946FAB}.Debug|Any CPU.ActiveCfg = Debug|Any CPU
		{B29B2280-DED1-4DE5-B56E-F9B304946FAB}.Debug|Any CPU.Build.0 = Debug|Any CPU
		{B29B2280-DED1-4DE5-B56E-F9B304946FAB}.Release|Any CPU.ActiveCfg = Release|Any CPU
		{B29B2280-DED1-4DE5-B56E-F9B304946FAB}.Release|Any CPU.Build.0 = Release|Any CPU
	EndGlobalSection
	GlobalSection(SolutionProperties) = preSolution
		HideSolutionNode = FALSE
	EndGlobalSection
	GlobalSection(ExtensibilityGlobals) = postSolution
		SolutionGuid = {D0261F97-AE5C-4F0F-915E-C6E7725170EC}
	EndGlobalSection
EndGlobal
